#MicroXplorer Configuration settings - do not modify
ADC1.Channel-0\#ChannelRegularConversion=ADC_CHANNEL_1
ADC1.Channel-1\#ChannelRegularConversion=ADC_CHANNEL_2
ADC1.Channel-2\#ChannelRegularConversion=ADC_CHANNEL_3
ADC1.Channel-3\#ChannelRegularConversion=ADC_CHANNEL_4
ADC1.CommonPathInternal=null|null|null|null
ADC1.ContinuousConvMode=ENABLE
ADC1.ConversionDataManagement=ADC_CONVERSIONDATA_DMA_CIRCULAR
ADC1.EnableRegularConversion=ENABLE
ADC1.IPParameters=NbrOfConversion,master,ContinuousConvMode,LowPowerAutoWait,EnableRegularConversion,Rank-0\#ChannelRegularConversion,Channel-0\#ChannelRegularConversion,SamplingTime-0\#ChannelRegularConversion,OffsetNumber-0\#ChannelRegularConversion,MonitoredBy-0\#ChannelRegularConversion,NbrOfConversionFlag,ConversionDataManagement,Rank-1\#ChannelRegularConversion,Channel-1\#ChannelRegularConversion,SamplingTime-1\#ChannelRegularConversion,OffsetNumber-1\#ChannelRegularConversion,MonitoredBy-1\#ChannelRegularConversion,Rank-2\#ChannelRegularConversion,Channel-2\#ChannelRegularConversion,SamplingTime-2\#ChannelRegularConversion,OffsetNumber-2\#ChannelRegularConversion,MonitoredBy-2\#ChannelRegularConversion,Rank-3\#ChannelRegularConversion,Channel-3\#ChannelRegularConversion,SamplingTime-3\#ChannelRegularConversion,OffsetNumber-3\#ChannelRegularConversion,MonitoredBy-3\#ChannelRegularConversion,CommonPathInternal
ADC1.LowPowerAutoWait=ENABLE
ADC1.MonitoredBy-0\#ChannelRegularConversion=__NULL
ADC1.MonitoredBy-1\#ChannelRegularConversion=__NULL
ADC1.MonitoredBy-2\#ChannelRegularConversion=__NULL
ADC1.MonitoredBy-3\#ChannelRegularConversion=__NULL
ADC1.NbrOfConversion=4
ADC1.NbrOfConversionFlag=1
ADC1.OffsetNumber-0\#ChannelRegularConversion=ADC_OFFSET_NONE
ADC1.OffsetNumber-1\#ChannelRegularConversion=ADC_OFFSET_NONE
ADC1.OffsetNumber-2\#ChannelRegularConversion=ADC_OFFSET_NONE
ADC1.OffsetNumber-3\#ChannelRegularConversion=ADC_OFFSET_NONE
ADC1.Rank-0\#ChannelRegularConversion=1
ADC1.Rank-1\#ChannelRegularConversion=2
ADC1.Rank-2\#ChannelRegularConversion=3
ADC1.Rank-3\#ChannelRegularConversion=4
ADC1.SamplingTime-0\#ChannelRegularConversion=ADC_SAMPLETIME_5CYCLE
ADC1.SamplingTime-1\#ChannelRegularConversion=ADC_SAMPLETIME_5CYCLE
ADC1.SamplingTime-2\#ChannelRegularConversion=ADC_SAMPLETIME_5CYCLE
ADC1.SamplingTime-3\#ChannelRegularConversion=ADC_SAMPLETIME_5CYCLE
ADC1.master=1
BSP_IP_NAME=NUCLEO-U575ZI-Q
CAD.formats=
CAD.pinconfig=
CAD.provider=
CORTEX_M33_NS.userName=CORTEX_M33
File.Version=6
GPDMA1.IPParameters=LINKEDLISTMODE_GPDMACH15
GPDMA1.LINKEDLISTMODE_GPDMACH15=DMA_LINKEDLIST_CIRCULAR
GPIO.groupedBy=
KeepUserPlacement=false
Linkedlist.MDMA_Channel0.GP_SW.0.ADDRESSING2D=DISABLE
Linkedlist.MDMA_Channel0.GP_SW.0.BlkHWRequest=DMA_BREQ_SINGLE_BURST
Linkedlist.MDMA_Channel0.GP_SW.0.DataHandling=NONE
Linkedlist.MDMA_Channel0.GP_SW.0.DataSize=(64*2)
Linkedlist.MDMA_Channel0.GP_SW.0.DestBurstLength=1
Linkedlist.MDMA_Channel0.GP_SW.0.DestDataWidth=DMA_DEST_DATAWIDTH_HALFWORD
Linkedlist.MDMA_Channel0.GP_SW.0.DestInc=DMA_DINC_INCREMENTED
Linkedlist.MDMA_Channel0.GP_SW.0.Direction=DMA_PERIPH_TO_MEMORY
Linkedlist.MDMA_Channel0.GP_SW.0.DstAddress=data
Linkedlist.MDMA_Channel0.GP_SW.0.Instance=MDMA_Channel0
Linkedlist.MDMA_Channel0.GP_SW.0.LL_CIRCULARNODE=YourNodeName
Linkedlist.MDMA_Channel0.GP_SW.0.LL_MASTERDMA=GPDMA2D
Linkedlist.MDMA_Channel0.GP_SW.0.LL_NAME=YourQueueName
Linkedlist.MDMA_Channel0.GP_SW.0.LL_TYPE=CIRCULAR
Linkedlist.MDMA_Channel0.GP_SW.0.NODE_NAME=YourNodeName
Linkedlist.MDMA_Channel0.GP_SW.0.RequestParameters=LL_NAME,LL_MASTERDMA,LL_TYPE,LL_CIRCULARNODE,NODE_NAME,BlkHWRequest,Requestforcodegen,Direction,SrcInc,DestInc,SrcDataWidth,DestDataWidth,SrcBurstLength,DestBurstLength,TransferAllocatedPortSrc,TransferAllocatedPortDest,TransferEventMode,DataHandling,TriggerPolarity,TriggerMode,TriggerSelection,ADDRESSING2D,SrcAddress,DstAddress,DataSize
Linkedlist.MDMA_Channel0.GP_SW.0.Requestforcodegen=GPDMA1_REQUEST_ADC1
Linkedlist.MDMA_Channel0.GP_SW.0.SrcAddress=(uint32_t)&(ADC1->DR)
Linkedlist.MDMA_Channel0.GP_SW.0.SrcBurstLength=1
Linkedlist.MDMA_Channel0.GP_SW.0.SrcDataWidth=DMA_SRC_DATAWIDTH_HALFWORD
Linkedlist.MDMA_Channel0.GP_SW.0.SrcInc=DMA_SINC_FIXED
Linkedlist.MDMA_Channel0.GP_SW.0.TransferAllocatedPortDest=DMA_DEST_ALLOCATED_PORT0
Linkedlist.MDMA_Channel0.GP_SW.0.TransferAllocatedPortSrc=DMA_SRC_ALLOCATED_PORT0
Linkedlist.MDMA_Channel0.GP_SW.0.TransferEventMode=DMA_TCEM_BLOCK_TRANSFER
Linkedlist.MDMA_Channel0.GP_SW.0.TriggerMode=DMA_TRIGM_BLOCK_TRANSFER
Linkedlist.MDMA_Channel0.GP_SW.0.TriggerPolarity=DMA_TRIG_POLARITY_RISING
Linkedlist.MDMA_Channel0.GP_SW.0.TriggerSelection=GPDMA1_TRIGGER_TIM15_TRGO
Linkedlist.MDMA_Channel0.GP_SW.1.ADDRESSING2D=ENABLE
Linkedlist.MDMA_Channel0.GP_SW.1.BlkDestAddrOffset=-126
Linkedlist.MDMA_Channel0.GP_SW.1.BlkHWRequest=DMA_BREQ_SINGLE_BURST
Linkedlist.MDMA_Channel0.GP_SW.1.BlkSrcAddrOffset=0
Linkedlist.MDMA_Channel0.GP_SW.1.DataHandling=NONE
Linkedlist.MDMA_Channel0.GP_SW.1.DataSize=8
Linkedlist.MDMA_Channel0.GP_SW.1.DestAddrOffset=30
Linkedlist.MDMA_Channel0.GP_SW.1.DestBurstLength=1
Linkedlist.MDMA_Channel0.GP_SW.1.DestDataWidth=DMA_DEST_DATAWIDTH_HALFWORD
Linkedlist.MDMA_Channel0.GP_SW.1.DestInc=DMA_DINC_INCREMENTED
Linkedlist.MDMA_Channel0.GP_SW.1.Direction=DMA_MEMORY_TO_MEMORY
Linkedlist.MDMA_Channel0.GP_SW.1.DstAddress=data2
Linkedlist.MDMA_Channel0.GP_SW.1.Instance=MDMA_Channel0
Linkedlist.MDMA_Channel0.GP_SW.1.LL_CIRCULARNODE=YourNodeName
Linkedlist.MDMA_Channel0.GP_SW.1.LL_MASTERDMA=GPDMA2D
Linkedlist.MDMA_Channel0.GP_SW.1.LL_NAME=YourQueueName
Linkedlist.MDMA_Channel0.GP_SW.1.LL_TYPE=CIRCULAR
Linkedlist.MDMA_Channel0.GP_SW.1.NODE_NAME=YourNodeName3
Linkedlist.MDMA_Channel0.GP_SW.1.RepeatCount=16
Linkedlist.MDMA_Channel0.GP_SW.1.RequestParameters=LL_NAME,LL_MASTERDMA,LL_TYPE,LL_CIRCULARNODE,NODE_NAME,BlkHWRequest,Requestforcodegen,Direction,SrcInc,DestInc,SrcDataWidth,DestDataWidth,SrcBurstLength,DestBurstLength,TransferAllocatedPortSrc,TransferAllocatedPortDest,TransferEventMode,DataHandling,TriggerPolarity,ADDRESSING2D,SrcAddrOffset,DestAddrOffset,BlkSrcAddrOffset,BlkDestAddrOffset,RepeatCount,SrcAddress,DstAddress,DataSize
Linkedlist.MDMA_Channel0.GP_SW.1.Requestforcodegen=DMA_REQUEST_SW
Linkedlist.MDMA_Channel0.GP_SW.1.SrcAddrOffset=0
Linkedlist.MDMA_Channel0.GP_SW.1.SrcAddress=data
Linkedlist.MDMA_Channel0.GP_SW.1.SrcBurstLength=1
Linkedlist.MDMA_Channel0.GP_SW.1.SrcDataWidth=DMA_SRC_DATAWIDTH_HALFWORD
Linkedlist.MDMA_Channel0.GP_SW.1.SrcInc=DMA_SINC_INCREMENTED
Linkedlist.MDMA_Channel0.GP_SW.1.TransferAllocatedPortDest=DMA_DEST_ALLOCATED_PORT0
Linkedlist.MDMA_Channel0.GP_SW.1.TransferAllocatedPortSrc=DMA_SRC_ALLOCATED_PORT0
Linkedlist.MDMA_Channel0.GP_SW.1.TransferEventMode=DMA_TCEM_BLOCK_TRANSFER
Linkedlist.MDMA_Channel0.GP_SW.1.TriggerPolarity=DMA_TRIG_POLARITY_MASKED
Linkedlist.MDMA_Channel0.GP_SW.2.ADDRESSING2D=DISABLE
Linkedlist.MDMA_Channel0.GP_SW.2.BlkHWRequest=DMA_BREQ_SINGLE_BURST
Linkedlist.MDMA_Channel0.GP_SW.2.DataHandling=NONE
Linkedlist.MDMA_Channel0.GP_SW.2.DataSize=(64*2)
Linkedlist.MDMA_Channel0.GP_SW.2.DestBurstLength=1
Linkedlist.MDMA_Channel0.GP_SW.2.DestDataWidth=DMA_DEST_DATAWIDTH_BYTE
Linkedlist.MDMA_Channel0.GP_SW.2.DestInc=DMA_DINC_FIXED
Linkedlist.MDMA_Channel0.GP_SW.2.Direction=DMA_MEMORY_TO_PERIPH
Linkedlist.MDMA_Channel0.GP_SW.2.DstAddress=(uint32_t)&(USART1->TDR)
Linkedlist.MDMA_Channel0.GP_SW.2.Instance=MDMA_Channel0
Linkedlist.MDMA_Channel0.GP_SW.2.LL_CIRCULARNODE=YourNodeName
Linkedlist.MDMA_Channel0.GP_SW.2.LL_MASTERDMA=GPDMA2D
Linkedlist.MDMA_Channel0.GP_SW.2.LL_NAME=YourQueueName
Linkedlist.MDMA_Channel0.GP_SW.2.LL_TYPE=CIRCULAR
Linkedlist.MDMA_Channel0.GP_SW.2.NODE_NAME=YourNodeName2
Linkedlist.MDMA_Channel0.GP_SW.2.RequestParameters=LL_NAME,LL_MASTERDMA,LL_TYPE,LL_CIRCULARNODE,NODE_NAME,BlkHWRequest,Requestforcodegen,Direction,SrcInc,DestInc,SrcDataWidth,DestDataWidth,SrcBurstLength,DestBurstLength,TransferAllocatedPortSrc,TransferAllocatedPortDest,TransferEventMode,DataHandling,TriggerPolarity,ADDRESSING2D,SrcAddress,DstAddress,DataSize
Linkedlist.MDMA_Channel0.GP_SW.2.Requestforcodegen=GPDMA1_REQUEST_USART1_TX
Linkedlist.MDMA_Channel0.GP_SW.2.SrcAddress=data2
Linkedlist.MDMA_Channel0.GP_SW.2.SrcBurstLength=1
Linkedlist.MDMA_Channel0.GP_SW.2.SrcDataWidth=DMA_SRC_DATAWIDTH_BYTE
Linkedlist.MDMA_Channel0.GP_SW.2.SrcInc=DMA_SINC_INCREMENTED
Linkedlist.MDMA_Channel0.GP_SW.2.TransferAllocatedPortDest=DMA_DEST_ALLOCATED_PORT0
Linkedlist.MDMA_Channel0.GP_SW.2.TransferAllocatedPortSrc=DMA_SRC_ALLOCATED_PORT0
Linkedlist.MDMA_Channel0.GP_SW.2.TransferEventMode=DMA_TCEM_BLOCK_TRANSFER
Linkedlist.MDMA_Channel0.GP_SW.2.TriggerPolarity=DMA_TRIG_POLARITY_MASKED
Linkedlist.MDMA_Channel0.Request0=GP_SW
Linkedlist.MDMA_Channel0.Request1=GP_SW
Linkedlist.MDMA_Channel0.Request2=GP_SW
Linkedlist.MDMA_Channel0.RequestsNb=3
Linkedlist.RequestSet0=MDMA_Channel0
Linkedlist.RequestSetsNb=1
MMTAppRegionsCount=0
MMTConfigApplied=false
Mcu.CPN=STM32U575ZIT6Q
Mcu.ContextProject=TrustZoneDisabled
Mcu.Family=STM32U5
Mcu.IP0=ADC1
Mcu.IP1=CORTEX_M33_NS
Mcu.IP10=RCC
Mcu.IP11=SYS
Mcu.IP12=TIM15
Mcu.IP13=USART1
Mcu.IP14=NUCLEO-U575ZI-Q
Mcu.IP2=GPDMA1
Mcu.IP3=ICACHE
Mcu.IP4=LINKEDLIST
Mcu.IP5=LPBAM
Mcu.IP6=LPBAMQUEUE
Mcu.IP7=MEMORYMAP
Mcu.IP8=NVIC
Mcu.IP9=PWR
Mcu.IPNb=15
Mcu.Name=STM32U575ZITxQ
Mcu.Package=LQFP144
Mcu.Pin0=PC13
Mcu.Pin1=PC14-OSC32_IN (PC14)
Mcu.Pin10=PA10
Mcu.Pin11=PA13 (JTMS/SWDIO)
Mcu.Pin12=PA14 (JTCK/SWCLK)
Mcu.Pin13=PB3 (JTDO/TRACESWO)
Mcu.Pin14=PB7
Mcu.Pin15=VP_GPDMA1_VS_GPDMACH15
Mcu.Pin16=VP_ICACHE_VS_ICACHE
Mcu.Pin17=VP_ICACHE_VS_ENABLE_ICACHE_MEMORY
Mcu.Pin18=VP_LPBAMQUEUE_VS_QUEUE
Mcu.Pin19=VP_PWR_VS_DBSignals
Mcu.Pin2=PC15-OSC32_OUT (PC15)
Mcu.Pin20=VP_PWR_VS_SECSignals
Mcu.Pin21=VP_PWR_VS_LPOM
Mcu.Pin22=VP_PWR_Vdda
Mcu.Pin23=VP_SYS_VS_tim17
Mcu.Pin24=VP_TIM15_VS_ClockSourceINT
Mcu.Pin25=VP_LPBAM_VS_SIG1
Mcu.Pin26=VP_LPBAM_VS_SIG4
Mcu.Pin27=VP_MEMORYMAP_VS_MEMORYMAP
Mcu.Pin3=PC0
Mcu.Pin4=PC1
Mcu.Pin5=PC2
Mcu.Pin6=PC3
Mcu.Pin7=PG2
Mcu.Pin8=PC7
Mcu.Pin9=PA9
Mcu.PinsNb=28
Mcu.ThirdPartyNb=0
Mcu.UserConstants=
Mcu.UserName=STM32U575ZITxQ
MxCube.Version=6.13.0
MxDb.Version=DB.6.0.130
NVIC.BusFault_IRQn=true\:0\:0\:false\:false\:true\:false\:false\:false
NVIC.DebugMonitor_IRQn=true\:0\:0\:false\:false\:true\:false\:false\:false
NVIC.ForceEnableDMAVector=true
NVIC.HardFault_IRQn=true\:0\:0\:false\:false\:true\:false\:false\:false
NVIC.MemoryManagement_IRQn=true\:0\:0\:false\:false\:true\:false\:false\:false
NVIC.NonMaskableInt_IRQn=true\:0\:0\:false\:false\:true\:false\:false\:false
NVIC.PendSV_IRQn=true\:0\:0\:false\:false\:true\:false\:false\:false
NVIC.PriorityGroup=NVIC_PRIORITYGROUP_3
NVIC.SVCall_IRQn=true\:0\:0\:false\:false\:true\:false\:false\:false
NVIC.SysTick_IRQn=true\:0\:0\:false\:false\:true\:false\:true\:false
NVIC.TIM17_IRQn=true\:7\:0\:false\:false\:true\:false\:true\:true
NVIC.TimeBase=TIM17_IRQn
NVIC.TimeBaseIP=TIM17
NVIC.UsageFault_IRQn=true\:0\:0\:false\:false\:true\:false\:false\:false
PA10.Locked=true
PA10.Mode=Asynchronous
PA10.Signal=USART1_RX
PA13\ (JTMS/SWDIO).Locked=true
PA13\ (JTMS/SWDIO).Signal=DEBUG_JTMS-SWDIO
PA14\ (JTCK/SWCLK).Locked=true
PA14\ (JTCK/SWCLK).Signal=DEBUG_JTCK-SWCLK
PA9.Locked=true
PA9.Mode=Asynchronous
PA9.Signal=USART1_TX
PB3\ (JTDO/TRACESWO).Locked=true
PB3\ (JTDO/TRACESWO).Signal=DEBUG_JTDO-SWO
PB7.GPIOParameters=GPIO_Label
PB7.GPIO_Label=LED_BLUE
PB7.Locked=true
PB7.Signal=GPIO_Output
PC0.Mode=IN1-Single-Ended
PC0.Signal=ADC1_IN1
PC1.Mode=IN2-Single-Ended
PC1.Signal=ADC1_IN2
PC13.GPIOParameters=GPIO_Label
PC13.GPIO_Label=USER_BUTTON
PC13.Locked=true
PC13.Signal=GPXTI13
PC14-OSC32_IN\ (PC14).Locked=true
PC14-OSC32_IN\ (PC14).Signal=RCC_OSC32_IN
PC15-OSC32_OUT\ (PC15).Locked=true
PC15-OSC32_OUT\ (PC15).Signal=RCC_OSC32_OUT
PC2.Mode=IN3-Single-Ended
PC2.Signal=ADC1_IN3
PC3.Mode=IN4-Single-Ended
PC3.Signal=ADC1_IN4
PC7.GPIOParameters=GPIO_Label
PC7.GPIO_Label=LED_GREEN
PC7.Locked=true
PC7.Signal=GPIO_Output
PG2.GPIOParameters=GPIO_Label
PG2.GPIO_Label=LED_RED
PG2.Locked=true
PG2.Signal=GPIO_Output
PWR.IPParameters=PowerMode
PWR.PowerMode=PWR_SMPS_SUPPLY
PinOutPanel.RotationAngle=0
ProjectManager.AskForMigrate=true
ProjectManager.BackupPrevious=false
ProjectManager.CompilerOptimize=6
ProjectManager.ComputerToolchain=false
ProjectManager.CoupleFile=false
ProjectManager.CustomerFirmwarePackage=
ProjectManager.DefaultFWLocation=true
ProjectManager.DeletePrevious=true
ProjectManager.DeviceId=STM32U575ZITxQ
ProjectManager.FirmwarePackage=STM32Cube FW_U5 V1.7.0
ProjectManager.FreePins=false
ProjectManager.HalAssertFull=false
ProjectManager.HeapSize=0x200
ProjectManager.KeepUserCode=true
ProjectManager.LPBAM.generateCode=
ProjectManager.LastFirmware=true
ProjectManager.LibraryCopy=1
ProjectManager.MainLocation=Core/Src
ProjectManager.NoMain=false
ProjectManager.PreviousToolchain=STM32CubeIDE
ProjectManager.ProjectBuild=false
ProjectManager.ProjectFileName=gpdma_u5.ioc
ProjectManager.ProjectName=gpdma_u5
ProjectManager.ProjectStructure=
ProjectManager.RegisterCallBack=
ProjectManager.StackSize=0x400
ProjectManager.TargetToolchain=STM32CubeIDE
ProjectManager.ToolChainLocation=
ProjectManager.UAScriptAfterPath=
ProjectManager.UAScriptBeforePath=
ProjectManager.UnderRoot=true
ProjectManager.functionlistsort=1-SystemClock_Config-RCC-false-HAL-false,2-MX_GPIO_Init-GPIO-false-HAL-true,3-MX_GPDMA1_Init-GPDMA1-false-HAL-true,4-MX_ICACHE_Init-ICACHE-false-HAL-true,5-MX_ADC1_Init-ADC1-false-HAL-true,6-MX_USART1_UART_Init-USART1-false-HAL-true,0-MX_CORTEX_M33_NS_Init-CORTEX_M33_NS-false-HAL-true,0-MX_PWR_Init-PWR-false-HAL-true
RCC.ADCFreq_Value=16000000
RCC.CK48Freq_Value=48000000
RCC.CRSFreq_Value=48000000
RCC.DACCLockSelectionVirtual=RCC_DAC1CLKSOURCE_LSI
RCC.DACFreq_Value=32000
RCC.EPOD_VALUE=4000000
RCC.FDCANFreq_Value=258000000
RCC.FamilyName=M
RCC.HSE_VALUE=16000000
RCC.HSI48_VALUE=48000000
RCC.HSI_VALUE=16000000
RCC.IPParameters=ADCFreq_Value,CK48Freq_Value,CRSFreq_Value,DACCLockSelectionVirtual,DACFreq_Value,EPOD_VALUE,FDCANFreq_Value,FamilyName,HSE_VALUE,HSI48_VALUE,HSI_VALUE,LSCOPinFreq_Value,LSE_VALUE,LSIDIV_VALUE,LSI_VALUE,MSI_VALUE,PLL2PoutputFreq_Value,PLL2QoutputFreq_Value,PLL2RoutputFreq_Value,PLL3PoutputFreq_Value,PLL3QoutputFreq_Value,PLL3RoutputFreq_Value,PLLPoutputFreq_Value,PLLQoutputFreq_Value,PLLRCLKFreq_Value,RNGFreq_Value,SAI1Freq_Value,SAI2Freq_Value,SDMMCFreq_Value,USBFreq_Value,VCOInput2Freq_Value,VCOInput3Freq_Value,VCOInputFreq_Value,VCOOutputFreq_Value,VCOPLL2OutputFreq_Value,VCOPLL3OutputFreq_Value
RCC.LSCOPinFreq_Value=32000
RCC.LSE_VALUE=32768
RCC.LSIDIV_VALUE=32000
RCC.LSI_VALUE=32000
RCC.MSI_VALUE=4000000
RCC.PLL2PoutputFreq_Value=258000000
RCC.PLL2QoutputFreq_Value=258000000
RCC.PLL2RoutputFreq_Value=258000000
RCC.PLL3PoutputFreq_Value=258000000
RCC.PLL3QoutputFreq_Value=258000000
RCC.PLL3RoutputFreq_Value=258000000
RCC.PLLPoutputFreq_Value=258000000
RCC.PLLQoutputFreq_Value=258000000
RCC.PLLRCLKFreq_Value=258000000
RCC.RNGFreq_Value=48000000
RCC.SAI1Freq_Value=258000000
RCC.SAI2Freq_Value=258000000
RCC.SDMMCFreq_Value=258000000
RCC.USBFreq_Value=48000000
RCC.VCOInput2Freq_Value=4000000
RCC.VCOInput3Freq_Value=4000000
RCC.VCOInputFreq_Value=4000000
RCC.VCOOutputFreq_Value=516000000
RCC.VCOPLL2OutputFreq_Value=516000000
RCC.VCOPLL3OutputFreq_Value=516000000
SH.GPXTI13.0=GPIO_EXTI13
SH.GPXTI13.ConfNb=1
TIM15.IPParameters=Prescaler,PeriodNoDither,TIM_MasterOutputTrigger
TIM15.PeriodNoDither=79
TIM15.Prescaler=49999
TIM15.TIM_MasterOutputTrigger=TIM_TRGO_UPDATE
USART1.IPParameters=VirtualMode-Asynchronous
USART1.VirtualMode-Asynchronous=VM_ASYNC
VP_GPDMA1_VS_GPDMACH15.Mode=LINKEDLIST_GPDMACH15
VP_GPDMA1_VS_GPDMACH15.Signal=GPDMA1_VS_GPDMACH15
VP_ICACHE_VS_ENABLE_ICACHE_MEMORY.Mode=Memoryregions
VP_ICACHE_VS_ENABLE_ICACHE_MEMORY.Signal=ICACHE_VS_ENABLE_ICACHE_MEMORY
VP_ICACHE_VS_ICACHE.Mode=DirectMappedCache
VP_ICACHE_VS_ICACHE.Signal=ICACHE_VS_ICACHE
VP_LPBAMQUEUE_VS_QUEUE.Mode=QUEUEMODE
VP_LPBAMQUEUE_VS_QUEUE.Signal=LPBAMQUEUE_VS_QUEUE
VP_LPBAM_VS_SIG1.Mode=SmartRun
VP_LPBAM_VS_SIG1.Signal=LPBAM_VS_SIG1
VP_LPBAM_VS_SIG4.Mode=LPDMA1
VP_LPBAM_VS_SIG4.Signal=LPBAM_VS_SIG4
VP_MEMORYMAP_VS_MEMORYMAP.Mode=CurAppReg
VP_MEMORYMAP_VS_MEMORYMAP.Signal=MEMORYMAP_VS_MEMORYMAP
VP_PWR_VS_DBSignals.Mode=DisableDeadBatterySignals
VP_PWR_VS_DBSignals.Signal=PWR_VS_DBSignals
VP_PWR_VS_LPOM.Mode=PowerOptimisation
VP_PWR_VS_LPOM.Signal=PWR_VS_LPOM
VP_PWR_VS_SECSignals.Mode=Security/Privilege
VP_PWR_VS_SECSignals.Signal=PWR_VS_SECSignals
VP_PWR_Vdda.Mode=isolationVdda
VP_PWR_Vdda.Signal=PWR_Vdda
VP_SYS_VS_tim17.Mode=TIM17
VP_SYS_VS_tim17.Signal=SYS_VS_tim17
VP_TIM15_VS_ClockSourceINT.Mode=Internal
VP_TIM15_VS_ClockSourceINT.Signal=TIM15_VS_ClockSourceINT
board=NUCLEO-U575ZI-Q
boardIOC=true
